// !$*UTF8*$!
{
	archiveVersion = 1;
	classes = {
	};
	objectVersion = 48;
	objects = {

/* Begin PBXBuildFile section */
		109F962B200F61AB00BFEAB9 /* AppDelegate.swift in Sources */ = {isa = PBXBuildFile; fileRef = 109F962A200F61AB00BFEAB9 /* AppDelegate.swift */; };
		109F962D200F61AB00BFEAB9 /* ViewController.swift in Sources */ = {isa = PBXBuildFile; fileRef = 109F962C200F61AB00BFEAB9 /* ViewController.swift */; };
		109F9630200F61AB00BFEAB9 /* Main.storyboard in Resources */ = {isa = PBXBuildFile; fileRef = 109F962E200F61AB00BFEAB9 /* Main.storyboard */; };
		109F9632200F61AB00BFEAB9 /* Assets.xcassets in Resources */ = {isa = PBXBuildFile; fileRef = 109F9631200F61AB00BFEAB9 /* Assets.xcassets */; };
		109F9635200F61AB00BFEAB9 /* LaunchScreen.storyboard in Resources */ = {isa = PBXBuildFile; fileRef = 109F9633200F61AB00BFEAB9 /* LaunchScreen.storyboard */; };
		109F9641200F66AC00BFEAB9 /* Note.swift in Sources */ = {isa = PBXBuildFile; fileRef = 109F9640200F66AC00BFEAB9 /* Note.swift */; };
		109F9643200F675000BFEAB9 /* AlertService.swift in Sources */ = {isa = PBXBuildFile; fileRef = 109F9642200F675000BFEAB9 /* AlertService.swift */; };
		109F9647200F6B0100BFEAB9 /* CloudKit.framework in Frameworks */ = {isa = PBXBuildFile; fileRef = 109F9646200F6B0100BFEAB9 /* CloudKit.framework */; };
		109F9649200F6CA600BFEAB9 /* CKService.swift in Sources */ = {isa = PBXBuildFile; fileRef = 109F9648200F6CA600BFEAB9 /* CKService.swift */; };
		109F964B200F6FF700BFEAB9 /* NoteService.swift in Sources */ = {isa = PBXBuildFile; fileRef = 109F964A200F6FF700BFEAB9 /* NoteService.swift */; };
/* End PBXBuildFile section */

/* Begin PBXFileReference section */
		109F9627200F61AB00BFEAB9 /* Notes.app */ = {isa = PBXFileReference; explicitFileType = wrapper.application; includeInIndex = 0; path = Notes.app; sourceTree = BUILT_PRODUCTS_DIR; };
		109F962A200F61AB00BFEAB9 /* AppDelegate.swift */ = {isa = PBXFileReference; lastKnownFileType = sourcecode.swift; path = AppDelegate.swift; sourceTree = "<group>"; };
		109F962C200F61AB00BFEAB9 /* ViewController.swift */ = {isa = PBXFileReference; lastKnownFileType = sourcecode.swift; path = ViewController.swift; sourceTree = "<group>"; };
		109F962F200F61AB00BFEAB9 /* Base */ = {isa = PBXFileReference; lastKnownFileType = file.storyboard; name = Base; path = Base.lproj/Main.storyboard; sourceTree = "<group>"; };
		109F9631200F61AB00BFEAB9 /* Assets.xcassets */ = {isa = PBXFileReference; lastKnownFileType = folder.assetcatalog; path = Assets.xcassets; sourceTree = "<group>"; };
		109F9634200F61AB00BFEAB9 /* Base */ = {isa = PBXFileReference; lastKnownFileType = file.storyboard; name = Base; path = Base.lproj/LaunchScreen.storyboard; sourceTree = "<group>"; };
		109F9636200F61AB00BFEAB9 /* Info.plist */ = {isa = PBXFileReference; lastKnownFileType = text.plist.xml; path = Info.plist; sourceTree = "<group>"; };
		109F9640200F66AC00BFEAB9 /* Note.swift */ = {isa = PBXFileReference; lastKnownFileType = sourcecode.swift; path = Note.swift; sourceTree = "<group>"; };
		109F9642200F675000BFEAB9 /* AlertService.swift */ = {isa = PBXFileReference; lastKnownFileType = sourcecode.swift; path = AlertService.swift; sourceTree = "<group>"; };
		109F9644200F6AE700BFEAB9 /* Notes.entitlements */ = {isa = PBXFileReference; lastKnownFileType = text.plist.entitlements; path = Notes.entitlements; sourceTree = "<group>"; };
		109F9646200F6B0100BFEAB9 /* CloudKit.framework */ = {isa = PBXFileReference; lastKnownFileType = wrapper.framework; name = CloudKit.framework; path = System/Library/Frameworks/CloudKit.framework; sourceTree = SDKROOT; };
		109F9648200F6CA600BFEAB9 /* CKService.swift */ = {isa = PBXFileReference; lastKnownFileType = sourcecode.swift; path = CKService.swift; sourceTree = "<group>"; };
		109F964A200F6FF700BFEAB9 /* NoteService.swift */ = {isa = PBXFileReference; lastKnownFileType = sourcecode.swift; path = NoteService.swift; sourceTree = "<group>"; };
/* End PBXFileReference section */

/* Begin PBXFrameworksBuildPhase section */
		109F9624200F61AB00BFEAB9 /* Frameworks */ = {
			isa = PBXFrameworksBuildPhase;
			buildActionMask = 2147483647;
			files = (
				109F9647200F6B0100BFEAB9 /* CloudKit.framework in Frameworks */,
			);
			runOnlyForDeploymentPostprocessing = 0;
		};
/* End PBXFrameworksBuildPhase section */

/* Begin PBXGroup section */
		109F961E200F61AB00BFEAB9 = {
			isa = PBXGroup;
			children = (
				109F9629200F61AB00BFEAB9 /* Notes */,
				109F9628200F61AB00BFEAB9 /* Products */,
				109F9645200F6B0100BFEAB9 /* Frameworks */,
			);
			sourceTree = "<group>";
		};
		109F9628200F61AB00BFEAB9 /* Products */ = {
			isa = PBXGroup;
			children = (
				109F9627200F61AB00BFEAB9 /* Notes.app */,
			);
			name = Products;
			sourceTree = "<group>";
		};
		109F9629200F61AB00BFEAB9 /* Notes */ = {
			isa = PBXGroup;
			children = (
				109F9644200F6AE700BFEAB9 /* Notes.entitlements */,
				109F963F200F62C200BFEAB9 /* Model */,
				109F963E200F62BE00BFEAB9 /* View */,
				109F963D200F62B600BFEAB9 /* Controller */,
				109F963C200F62AF00BFEAB9 /* Service */,
				109F9636200F61AB00BFEAB9 /* Info.plist */,
			);
			path = Notes;
			sourceTree = "<group>";
		};
		109F963C200F62AF00BFEAB9 /* Service */ = {
			isa = PBXGroup;
			children = (
				109F9642200F675000BFEAB9 /* AlertService.swift */,
				109F9648200F6CA600BFEAB9 /* CKService.swift */,
				109F964A200F6FF700BFEAB9 /* NoteService.swift */,
			);
			path = Service;
			sourceTree = "<group>";
		};
		109F963D200F62B600BFEAB9 /* Controller */ = {
			isa = PBXGroup;
			children = (
				109F962A200F61AB00BFEAB9 /* AppDelegate.swift */,
				109F962C200F61AB00BFEAB9 /* ViewController.swift */,
			);
			path = Controller;
			sourceTree = "<group>";
		};
		109F963E200F62BE00BFEAB9 /* View */ = {
			isa = PBXGroup;
			children = (
				109F962E200F61AB00BFEAB9 /* Main.storyboard */,
				109F9633200F61AB00BFEAB9 /* LaunchScreen.storyboard */,
				109F9631200F61AB00BFEAB9 /* Assets.xcassets */,
			);
			path = View;
			sourceTree = "<group>";
		};
		109F963F200F62C200BFEAB9 /* Model */ = {
			isa = PBXGroup;
			children = (
				109F9640200F66AC00BFEAB9 /* Note.swift */,
			);
			path = Model;
			sourceTree = "<group>";
		};
		109F9645200F6B0100BFEAB9 /* Frameworks */ = {
			isa = PBXGroup;
			children = (
				109F9646200F6B0100BFEAB9 /* CloudKit.framework */,
			);
			name = Frameworks;
			sourceTree = "<group>";
		};
/* End PBXGroup section */

/* Begin PBXNativeTarget section */
		109F9626200F61AB00BFEAB9 /* Notes */ = {
			isa = PBXNativeTarget;
			buildConfigurationList = 109F9639200F61AB00BFEAB9 /* Build configuration list for PBXNativeTarget "Notes" */;
			buildPhases = (
				109F9623200F61AB00BFEAB9 /* Sources */,
				109F9624200F61AB00BFEAB9 /* Frameworks */,
				109F9625200F61AB00BFEAB9 /* Resources */,
			);
			buildRules = (
			);
			dependencies = (
			);
			name = Notes;
			productName = Notes;
			productReference = 109F9627200F61AB00BFEAB9 /* Notes.app */;
			productType = "com.apple.product-type.application";
		};
/* End PBXNativeTarget section */

/* Begin PBXProject section */
		109F961F200F61AB00BFEAB9 /* Project object */ = {
			isa = PBXProject;
			attributes = {
				LastSwiftUpdateCheck = 0920;
				LastUpgradeCheck = 0920;
				ORGANIZATIONNAME = "Hayden Jamieson";
				TargetAttributes = {
					109F9626200F61AB00BFEAB9 = {
						CreatedOnToolsVersion = 9.2;
						ProvisioningStyle = Automatic;
						SystemCapabilities = {
							com.apple.Push = {
								enabled = 1;
							};
							com.apple.iCloud = {
								enabled = 1;
							};
						};
					};
				};
			};
			buildConfigurationList = 109F9622200F61AB00BFEAB9 /* Build configuration list for PBXProject "Notes" */;
			compatibilityVersion = "Xcode 8.0";
			developmentRegion = en;
			hasScannedForEncodings = 0;
			knownRegions = (
				en,
				Base,
			);
			mainGroup = 109F961E200F61AB00BFEAB9;
			productRefGroup = 109F9628200F61AB00BFEAB9 /* Products */;
			projectDirPath = "";
			projectRoot = "";
			targets = (
				109F9626200F61AB00BFEAB9 /* Notes */,
			);
		};
/* End PBXProject section */

/* Begin PBXResourcesBuildPhase section */
		109F9625200F61AB00BFEAB9 /* Resources */ = {
			isa = PBXResourcesBuildPhase;
			buildActionMask = 2147483647;
			files = (
				109F9635200F61AB00BFEAB9 /* LaunchScreen.storyboard in Resources */,
				109F9632200F61AB00BFEAB9 /* Assets.xcassets in Resources */,
				109F9630200F61AB00BFEAB9 /* Main.storyboard in Resources */,
			);
			runOnlyForDeploymentPostprocessing = 0;
		};
/* End PBXResourcesBuildPhase section */

/* Begin PBXSourcesBuildPhase section */
		109F9623200F61AB00BFEAB9 /* Sources */ = {
			isa = PBXSourcesBuildPhase;
			buildActionMask = 2147483647;
			files = (
				109F962D200F61AB00BFEAB9 /* ViewController.swift in Sources */,
				109F962B200F61AB00BFEAB9 /* AppDelegate.swift in Sources */,
				109F9649200F6CA600BFEAB9 /* CKService.swift in Sources */,
				109F9643200F675000BFEAB9 /* AlertService.swift in Sources */,
				109F9641200F66AC00BFEAB9 /* Note.swift in Sources */,
				109F964B200F6FF700BFEAB9 /* NoteService.swift in Sources */,
			);
			runOnlyForDeploymentPostprocessing = 0;
		};
/* End PBXSourcesBuildPhase section */

/* Begin PBXVariantGroup section */
		109F962E200F61AB00BFEAB9 /* Main.storyboard */ = {
			isa = PBXVariantGroup;
			children = (
				109F962F200F61AB00BFEAB9 /* Base */,
			);
			name = Main.storyboard;
			sourceTree = "<group>";
		};
		109F9633200F61AB00BFEAB9 /* LaunchScreen.storyboard */ = {
			isa = PBXVariantGroup;
			children = (
				109F9634200F61AB00BFEAB9 /* Base */,
			);
			name = LaunchScreen.storyboard;
			sourceTree = "<group>";
		};
/* End PBXVariantGroup section */

/* Begin XCBuildConfiguration section */
		109F9637200F61AB00BFEAB9 /* Debug */ = {
			isa = XCBuildConfiguration;
			buildSettings = {
				ALWAYS_SEARCH_USER_PATHS = NO;
				CLANG_ANALYZER_NONNULL = YES;
				CLANG_ANALYZER_NUMBER_OBJECT_CONVERSION = YES_AGGRESSIVE;
				CLANG_CXX_LANGUAGE_STANDARD = "gnu++14";
				CLANG_CXX_LIBRARY = "libc++";
				CLANG_ENABLE_MODULES = YES;
				CLANG_ENABLE_OBJC_ARC = YES;
				CLANG_WARN_BLOCK_CAPTURE_AUTORELEASING = YES;
				CLANG_WARN_BOOL_CONVERSION = YES;
				CLANG_WARN_COMMA = YES;
				CLANG_WARN_CONSTANT_CONVERSION = YES;
				CLANG_WARN_DIRECT_OBJC_ISA_USAGE = YES_ERROR;
				CLANG_WARN_DOCUMENTATION_COMMENTS = YES;
				CLANG_WARN_EMPTY_BODY = YES;
				CLANG_WARN_ENUM_CONVERSION = YES;
				CLANG_WARN_INFINITE_RECURSION = YES;
				CLANG_WARN_INT_CONVERSION = YES;
				CLANG_WARN_NON_LITERAL_NULL_CONVERSION = YES;
				CLANG_WARN_OBJC_LITERAL_CONVERSION = YES;
				CLANG_WARN_OBJC_ROOT_CLASS = YES_ERROR;
				CLANG_WARN_RANGE_LOOP_ANALYSIS = YES;
				CLANG_WARN_STRICT_PROTOTYPES = YES;
				CLANG_WARN_SUSPICIOUS_MOVE = YES;
				CLANG_WARN_UNGUARDED_AVAILABILITY = YES_AGGRESSIVE;
				CLANG_WARN_UNREACHABLE_CODE = YES;
				CLANG_WARN__DUPLICATE_METHOD_MATCH = YES;
				CODE_SIGN_IDENTITY = "iPhone Developer";
				COPY_PHASE_STRIP = NO;
				DEBUG_INFORMATION_FORMAT = dwarf;
				ENABLE_STRICT_OBJC_MSGSEND = YES;
				ENABLE_TESTABILITY = YES;
				GCC_C_LANGUAGE_STANDARD = gnu11;
				GCC_DYNAMIC_NO_PIC = NO;
				GCC_NO_COMMON_BLOCKS = YES;
				GCC_OPTIMIZATION_LEVEL = 0;
				GCC_PREPROCESSOR_DEFINITIONS = (
					"DEBUG=1",
					"$(inherited)",
				);
				GCC_WARN_64_TO_32_BIT_CONVERSION = YES;
				GCC_WARN_ABOUT_RETURN_TYPE = YES_ERROR;
				GCC_WARN_UNDECLARED_SELECTOR = YES;
				GCC_WARN_UNINITIALIZED_AUTOS = YES_AGGRESSIVE;
				GCC_WARN_UNUSED_FUNCTION = YES;
				GCC_WARN_UNUSED_VARIABLE = YES;
				IPHONEOS_DEPLOYMENT_TARGET = 11.2;
				MTL_ENABLE_DEBUG_INFO = YES;
				ONLY_ACTIVE_ARCH = YES;
				SDKROOT = iphoneos;
				SWIFT_ACTIVE_COMPILATION_CONDITIONS = DEBUG;
				SWIFT_OPTIMIZATION_LEVEL = "-Onone";
			};
			name = Debug;
		};
		109F9638200F61AB00BFEAB9 /* Release */ = {
			isa = XCBuildConfiguration;
			buildSettings = {
				ALWAYS_SEARCH_USER_PATHS = NO;
				CLANG_ANALYZER_NONNULL = YES;
				CLANG_ANALYZER_NUMBER_OBJECT_CONVERSION = YES_AGGRESSIVE;
				CLANG_CXX_LANGUAGE_STANDARD = "gnu++14";
				CLANG_CXX_LIBRARY = "libc++";
				CLANG_ENABLE_MODULES = YES;
				CLANG_ENABLE_OBJC_ARC = YES;
				CLANG_WARN_BLOCK_CAPTURE_AUTORELEASING = YES;
				CLANG_WARN_BOOL_CONVERSION = YES;
				CLANG_WARN_COMMA = YES;
				CLANG_WARN_CONSTANT_CONVERSION = YES;
				CLANG_WARN_DIRECT_OBJC_ISA_USAGE = YES_ERROR;
				CLANG_WARN_DOCUMENTATION_COMMENTS = YES;
				CLANG_WARN_EMPTY_BODY = YES;
				CLANG_WARN_ENUM_CONVERSION = YES;
				CLANG_WARN_INFINITE_RECURSION = YES;
				CLANG_WARN_INT_CONVERSION = YES;
				CLANG_WARN_NON_LITERAL_NULL_CONVERSION = YES;
				CLANG_WARN_OBJC_LITERAL_CONVERSION = YES;
				CLANG_WARN_OBJC_ROOT_CLASS = YES_ERROR;
				CLANG_WARN_RANGE_LOOP_ANALYSIS = YES;
				CLANG_WARN_STRICT_PROTOTYPES = YES;
				CLANG_WARN_SUSPICIOUS_MOVE = YES;
				CLANG_WARN_UNGUARDED_AVAILABILITY = YES_AGGRESSIVE;
				CLANG_WARN_UNREACHABLE_CODE = YES;
				CLANG_WARN__DUPLICATE_METHOD_MATCH = YES;
				CODE_SIGN_IDENTITY = "iPhone Developer";
				COPY_PHASE_STRIP = NO;
				DEBUG_INFORMATION_FORMAT = "dwarf-with-dsym";
				ENABLE_NS_ASSERTIONS = NO;
				ENABLE_STRICT_OBJC_MSGSEND = YES;
				GCC_C_LANGUAGE_STANDARD = gnu11;
				GCC_NO_COMMON_BLOCKS = YES;
				GCC_WARN_64_TO_32_BIT_CONVERSION = YES;
				GCC_WARN_ABOUT_RETURN_TYPE = YES_ERROR;
				GCC_WARN_UNDECLARED_SELECTOR = YES;
				GCC_WARN_UNINITIALIZED_AUTOS = YES_AGGRESSIVE;
				GCC_WARN_UNUSED_FUNCTION = YES;
				GCC_WARN_UNUSED_VARIABLE = YES;
				IPHONEOS_DEPLOYMENT_TARGET = 11.2;
				MTL_ENABLE_DEBUG_INFO = NO;
				SDKROOT = iphoneos;
				SWIFT_OPTIMIZATION_LEVEL = "-Owholemodule";
				VALIDATE_PRODUCT = YES;
			};
			name = Release;
		};
		109F963A200F61AB00BFEAB9 /* Debug */ = {
			isa = XCBuildConfiguration;
			buildSettings = {
				ASSETCATALOG_COMPILER_APPICON_NAME = AppIcon;
				CODE_SIGN_ENTITLEMENTS = Notes/Notes.entitlements;
				CODE_SIGN_STYLE = Automatic;
				DEVELOPMENT_TEAM = M42D57N49Z;
				INFOPLIST_FILE = Notes/Info.plist;
				LD_RUNPATH_SEARCH_PATHS = "$(inherited) @executable_path/Frameworks";
				PRODUCT_BUNDLE_IDENTIFIER = com.HaydenJamieson.Notes;
				PRODUCT_NAME = "$(TARGET_NAME)";
				SWIFT_VERSION = 4.0;
				TARGETED_DEVICE_FAMILY = "1,2";
			};
			name = Debug;
		};
		109F963B200F61AB00BFEAB9 /* Release */ = {
			isa = XCBuildConfiguration;
			buildSettings = {
				ASSETCATALOG_COMPILER_APPICON_NAME = AppIcon;
				CODE_SIGN_ENTITLEMENTS = Notes/Notes.entitlements;
				CODE_SIGN_STYLE = Automatic;
				DEVELOPMENT_TEAM = M42D57N49Z;
				INFOPLIST_FILE = Notes/Info.plist;
				LD_RUNPATH_SEARCH_PATHS = "$(inherited) @executable_path/Frameworks";
				PRODUCT_BUNDLE_IDENTIFIER = com.HaydenJamieson.Notes;
				PRODUCT_NAME = "$(TARGET_NAME)";
				SWIFT_VERSION = 4.0;
				TARGETED_DEVICE_FAMILY = "1,2";
			};
			name = Release;
		};
/* End XCBuildConfiguration section */

/* Begin XCConfigurationList section */
		109F9622200F61AB00BFEAB9 /* Build configuration list for PBXProject "Notes" */ = {
			isa = XCConfigurationList;
			buildConfigurations = (
				109F9637200F61AB00BFEAB9 /* Debug */,
				109F9638200F61AB00BFEAB9 /* Release */,
			);
			defaultConfigurationIsVisible = 0;
			defaultConfigurationName = Release;
		};
		109F9639200F61AB00BFEAB9 /* Build configuration list for PBXNativeTarget "Notes" */ = {
			isa = XCConfigurationList;
			buildConfigurations = (
				109F963A200F61AB00BFEAB9 /* Debug */,
				109F963B200F61AB00BFEAB9 /* Release */,
			);
			defaultConfigurationIsVisible = 0;
			defaultConfigurationName = Release;
		};
/* End XCConfigurationList section */
	};
	rootObject = 109F961F200F61AB00BFEAB9 /* Project object */;
}
